# THIS IS AN AUTOGENERATED FILE. DO NOT EDIT THIS FILE DIRECTLY.
# yarn lockfile v1


"@zhaolinlin/prettier-config@^1.2.0-0":
  version "1.2.0-0"
  resolved "https://registry.npmmirror.com/@zhaolinlin/prettier-config/-/prettier-config-1.2.0-0.tgz#1f49ceaaa81f4706fd61de5b723696a508e10754"
  integrity sha512-r5sKWwdIsJuFjQKLUXTr39QOox3Pl3b5DqBXIjchHj8fNuUdwxb/m+Vy+jPQlsed4DuQbmzwzTFgyG29F8qR4A==
